
Microsoft Visual Studio Solution File, Format Version 12.00
# Visual Studio Version 17
VisualStudioVersion = 17.7.34009.444
MinimumVisualStudioVersion = 10.0.40219.1
Project("{FAE04EC0-301F-11D3-BF4B-00C04F79EFBC}") = "FashionShopApp", "FashionShopApp\FashionShopApp.csproj", "{8321779F-4935-47CB-A9A6-8E1D2C6029D5}"
EndProject
Project("{54435603-DBB4-11D2-8724-00A0C9A8B90C}") = "Setup", "C:\Users\Admin\Downloads\FashionShopApp\Setup\Setup.vdproj", "{121EC15D-3B54-431D-8B88-5F0696897027}"
EndProject
Global
	GlobalSection(SolutionConfigurationPlatforms) = preSolution
		Debug|Any CPU = Debug|Any CPU
		Release|Any CPU = Release|Any CPU
	EndGlobalSection
	GlobalSection(ProjectConfigurationPlatforms) = postSolution
		{8321779F-4935-47CB-A9A6-8E1D2C6029D5}.Debug|Any CPU.ActiveCfg = Debug|Any CPU
		{8321779F-4935-47CB-A9A6-8E1D2C6029D5}.Debug|Any CPU.Build.0 = Debug|Any CPU
		{8321779F-4935-47CB-A9A6-8E1D2C6029D5}.Release|Any CPU.ActiveCfg = Release|Any CPU
		{8321779F-4935-47CB-A9A6-8E1D2C6029D5}.Release|Any CPU.Build.0 = Release|Any CPU
		{121EC15D-3B54-431D-8B88-5F0696897027}.Debug|Any CPU.ActiveCfg = Debug
		{121EC15D-3B54-431D-8B88-5F0696897027}.Debug|Any CPU.Build.0 = Debug
		{121EC15D-3B54-431D-8B88-5F0696897027}.Release|Any CPU.ActiveCfg = Release
		{121EC15D-3B54-431D-8B88-5F0696897027}.Release|Any CPU.Build.0 = Release
	EndGlobalSection
	GlobalSection(SolutionProperties) = preSolution
		HideSolutionNode = FALSE
	EndGlobalSection
	GlobalSection(ExtensibilityGlobals) = postSolution
		SolutionGuid = {6B48F989-A4E7-46B6-A796-39CEC93EE6C7}
	EndGlobalSection
EndGlobal
